// !$*UTF8*$!
{
	archiveVersion = 1;
	classes = {
	};
	objectVersion = 46;
	objects = {

/* Begin PBXBuildFile section */
		DCFC4DD21AB4833D00CD1A8C /* libNgUICollection.a in Frameworks */ = {isa = PBXBuildFile; fileRef = DCFC4DC61AB4833D00CD1A8C /* libNgUICollection.a */; };
		DCFC4DE51AB483A800CD1A8C /* NgUICollection.m in Sources */ = {isa = PBXBuildFile; fileRef = DCFC4DE41AB483A800CD1A8C /* NgUICollection.m */; };
		DCFC4DE71AB4847700CD1A8C /* NgUICollectionTests.m in Sources */ = {isa = PBXBuildFile; fileRef = DCFC4DE61AB4847700CD1A8C /* NgUICollectionTests.m */; };
		DCFC4DEE1AB4879D00CD1A8C /* UIKit.framework in Frameworks */ = {isa = PBXBuildFile; fileRef = DCFC4DED1AB4879D00CD1A8C /* UIKit.framework */; };
/* End PBXBuildFile section */

/* Begin PBXContainerItemProxy section */
		DCFC4DD31AB4833D00CD1A8C /* PBXContainerItemProxy */ = {
			isa = PBXContainerItemProxy;
			containerPortal = DCFC4DBE1AB4833D00CD1A8C /* Project object */;
			proxyType = 1;
			remoteGlobalIDString = DCFC4DC51AB4833D00CD1A8C;
			remoteInfo = NgCollection;
		};
/* End PBXContainerItemProxy section */

/* Begin PBXCopyFilesBuildPhase section */
		DCFC4DC41AB4833D00CD1A8C /* CopyFiles */ = {
			isa = PBXCopyFilesBuildPhase;
			buildActionMask = 2147483647;
			dstPath = "include/$(PRODUCT_NAME)";
			dstSubfolderSpec = 16;
			files = (
			);
			runOnlyForDeploymentPostprocessing = 0;
		};
/* End PBXCopyFilesBuildPhase section */

/* Begin PBXFileReference section */
		DCFC4DC61AB4833D00CD1A8C /* libNgUICollection.a */ = {isa = PBXFileReference; explicitFileType = archive.ar; includeInIndex = 0; path = libNgUICollection.a; sourceTree = BUILT_PRODUCTS_DIR; };
		DCFC4DD11AB4833D00CD1A8C /* NgUICollectionTests.xctest */ = {isa = PBXFileReference; explicitFileType = wrapper.cfbundle; includeInIndex = 0; path = NgUICollectionTests.xctest; sourceTree = BUILT_PRODUCTS_DIR; };
		DCFC4DD71AB4833D00CD1A8C /* Info.plist */ = {isa = PBXFileReference; lastKnownFileType = text.plist.xml; path = Info.plist; sourceTree = "<group>"; };
		DCFC4DE31AB483A800CD1A8C /* NgUICollection.h */ = {isa = PBXFileReference; fileEncoding = 4; lastKnownFileType = sourcecode.c.h; path = NgUICollection.h; sourceTree = "<group>"; };
		DCFC4DE41AB483A800CD1A8C /* NgUICollection.m */ = {isa = PBXFileReference; fileEncoding = 4; lastKnownFileType = sourcecode.c.objc; path = NgUICollection.m; sourceTree = "<group>"; };
		DCFC4DE61AB4847700CD1A8C /* NgUICollectionTests.m */ = {isa = PBXFileReference; fileEncoding = 4; lastKnownFileType = sourcecode.c.objc; path = NgUICollectionTests.m; sourceTree = "<group>"; };
		DCFC4DED1AB4879D00CD1A8C /* UIKit.framework */ = {isa = PBXFileReference; lastKnownFileType = wrapper.framework; name = UIKit.framework; path = System/Library/Frameworks/UIKit.framework; sourceTree = SDKROOT; };
/* End PBXFileReference section */

/* Begin PBXFrameworksBuildPhase section */
		DCFC4DC31AB4833D00CD1A8C /* Frameworks */ = {
			isa = PBXFrameworksBuildPhase;
			buildActionMask = 2147483647;
			files = (
			);
			runOnlyForDeploymentPostprocessing = 0;
		};
		DCFC4DCE1AB4833D00CD1A8C /* Frameworks */ = {
			isa = PBXFrameworksBuildPhase;
			buildActionMask = 2147483647;
			files = (
				DCFC4DEE1AB4879D00CD1A8C /* UIKit.framework in Frameworks */,
				DCFC4DD21AB4833D00CD1A8C /* libNgUICollection.a in Frameworks */,
			);
			runOnlyForDeploymentPostprocessing = 0;
		};
/* End PBXFrameworksBuildPhase section */

/* Begin PBXGroup section */
		DCFC4DBD1AB4833D00CD1A8C = {
			isa = PBXGroup;
			children = (
				DCFC4DC81AB4833D00CD1A8C /* NgUICollection */,
				DCFC4DD51AB4833D00CD1A8C /* NgUICollectionTests */,
				DCFC4DC71AB4833D00CD1A8C /* Products */,
				DCFC4DED1AB4879D00CD1A8C /* UIKit.framework */,
			);
			sourceTree = "<group>";
		};
		DCFC4DC71AB4833D00CD1A8C /* Products */ = {
			isa = PBXGroup;
			children = (
				DCFC4DC61AB4833D00CD1A8C /* libNgUICollection.a */,
				DCFC4DD11AB4833D00CD1A8C /* NgUICollectionTests.xctest */,
			);
			name = Products;
			sourceTree = "<group>";
		};
		DCFC4DC81AB4833D00CD1A8C /* NgUICollection */ = {
			isa = PBXGroup;
			children = (
				DCFC4DE31AB483A800CD1A8C /* NgUICollection.h */,
				DCFC4DE41AB483A800CD1A8C /* NgUICollection.m */,
			);
			path = NgUICollection;
			sourceTree = "<group>";
		};
		DCFC4DD51AB4833D00CD1A8C /* NgUICollectionTests */ = {
			isa = PBXGroup;
			children = (
				DCFC4DD61AB4833D00CD1A8C /* Supporting Files */,
				DCFC4DE61AB4847700CD1A8C /* NgUICollectionTests.m */,
			);
			path = NgUICollectionTests;
			sourceTree = "<group>";
		};
		DCFC4DD61AB4833D00CD1A8C /* Supporting Files */ = {
			isa = PBXGroup;
			children = (
				DCFC4DD71AB4833D00CD1A8C /* Info.plist */,
			);
			name = "Supporting Files";
			sourceTree = "<group>";
		};
/* End PBXGroup section */

/* Begin PBXNativeTarget section */
		DCFC4DC51AB4833D00CD1A8C /* NgUICollection */ = {
			isa = PBXNativeTarget;
			buildConfigurationList = DCFC4DDA1AB4833D00CD1A8C /* Build configuration list for PBXNativeTarget "NgUICollection" */;
			buildPhases = (
				DCFC4DC21AB4833D00CD1A8C /* Sources */,
				DCFC4DC31AB4833D00CD1A8C /* Frameworks */,
				DCFC4DC41AB4833D00CD1A8C /* CopyFiles */,
			);
			buildRules = (
			);
			dependencies = (
			);
			name = NgUICollection;
			productName = NgCollection;
			productReference = DCFC4DC61AB4833D00CD1A8C /* libNgUICollection.a */;
			productType = "com.apple.product-type.library.static";
		};
		DCFC4DD01AB4833D00CD1A8C /* NgUICollectionTests */ = {
			isa = PBXNativeTarget;
			buildConfigurationList = DCFC4DDD1AB4833D00CD1A8C /* Build configuration list for PBXNativeTarget "NgUICollectionTests" */;
			buildPhases = (
				DCFC4DCD1AB4833D00CD1A8C /* Sources */,
				DCFC4DCE1AB4833D00CD1A8C /* Frameworks */,
				DCFC4DCF1AB4833D00CD1A8C /* Resources */,
			);
			buildRules = (
			);
			dependencies = (
				DCFC4DD41AB4833D00CD1A8C /* PBXTargetDependency */,
			);
			name = NgUICollectionTests;
			productName = NgCollectionTests;
			productReference = DCFC4DD11AB4833D00CD1A8C /* NgUICollectionTests.xctest */;
			productType = "com.apple.product-type.bundle.unit-test";
		};
/* End PBXNativeTarget section */

/* Begin PBXProject section */
		DCFC4DBE1AB4833D00CD1A8C /* Project object */ = {
			isa = PBXProject;
			attributes = {
				LastUpgradeCheck = 0620;
				ORGANIZATIONNAME = Meiwin;
				TargetAttributes = {
					DCFC4DC51AB4833D00CD1A8C = {
						CreatedOnToolsVersion = 6.2;
					};
					DCFC4DD01AB4833D00CD1A8C = {
						CreatedOnToolsVersion = 6.2;
					};
				};
			};
			buildConfigurationList = DCFC4DC11AB4833D00CD1A8C /* Build configuration list for PBXProject "NgUICollection" */;
			compatibilityVersion = "Xcode 3.2";
			developmentRegion = English;
			hasScannedForEncodings = 0;
			knownRegions = (
				en,
			);
			mainGroup = DCFC4DBD1AB4833D00CD1A8C;
			productRefGroup = DCFC4DC71AB4833D00CD1A8C /* Products */;
			projectDirPath = "";
			projectRoot = "";
			targets = (
				DCFC4DC51AB4833D00CD1A8C /* NgUICollection */,
				DCFC4DD01AB4833D00CD1A8C /* NgUICollectionTests */,
			);
		};
/* End PBXProject section */

/* Begin PBXResourcesBuildPhase section */
		DCFC4DCF1AB4833D00CD1A8C /* Resources */ = {
			isa = PBXResourcesBuildPhase;
			buildActionMask = 2147483647;
			files = (
			);
			runOnlyForDeploymentPostprocessing = 0;
		};
/* End PBXResourcesBuildPhase section */

/* Begin PBXSourcesBuildPhase section */
		DCFC4DC21AB4833D00CD1A8C /* Sources */ = {
			isa = PBXSourcesBuildPhase;
			buildActionMask = 2147483647;
			files = (
				DCFC4DE51AB483A800CD1A8C /* NgUICollection.m in Sources */,
			);
			runOnlyForDeploymentPostprocessing = 0;
		};
		DCFC4DCD1AB4833D00CD1A8C /* Sources */ = {
			isa = PBXSourcesBuildPhase;
			buildActionMask = 2147483647;
			files = (
				DCFC4DE71AB4847700CD1A8C /* NgUICollectionTests.m in Sources */,
			);
			runOnlyForDeploymentPostprocessing = 0;
		};
/* End PBXSourcesBuildPhase section */

/* Begin PBXTargetDependency section */
		DCFC4DD41AB4833D00CD1A8C /* PBXTargetDependency */ = {
			isa = PBXTargetDependency;
			target = DCFC4DC51AB4833D00CD1A8C /* NgUICollection */;
			targetProxy = DCFC4DD31AB4833D00CD1A8C /* PBXContainerItemProxy */;
		};
/* End PBXTargetDependency section */

/* Begin XCBuildConfiguration section */
		DCFC4DD81AB4833D00CD1A8C /* Debug */ = {
			isa = XCBuildConfiguration;
			buildSettings = {
				ALWAYS_SEARCH_USER_PATHS = NO;
				CLANG_CXX_LANGUAGE_STANDARD = "gnu++0x";
				CLANG_CXX_LIBRARY = "libc++";
				CLANG_ENABLE_MODULES = YES;
				CLANG_ENABLE_OBJC_ARC = YES;
				CLANG_WARN_BOOL_CONVERSION = YES;
				CLANG_WARN_CONSTANT_CONVERSION = YES;
				CLANG_WARN_DIRECT_OBJC_ISA_USAGE = YES_ERROR;
				CLANG_WARN_EMPTY_BODY = YES;
				CLANG_WARN_ENUM_CONVERSION = YES;
				CLANG_WARN_INT_CONVERSION = YES;
				CLANG_WARN_OBJC_ROOT_CLASS = YES_ERROR;
				CLANG_WARN_UNREACHABLE_CODE = YES;
				CLANG_WARN__DUPLICATE_METHOD_MATCH = YES;
				COPY_PHASE_STRIP = NO;
				ENABLE_STRICT_OBJC_MSGSEND = YES;
				GCC_C_LANGUAGE_STANDARD = gnu99;
				GCC_DYNAMIC_NO_PIC = NO;
				GCC_OPTIMIZATION_LEVEL = 0;
				GCC_PREPROCESSOR_DEFINITIONS = (
					"DEBUG=1",
					"$(inherited)",
				);
				GCC_SYMBOLS_PRIVATE_EXTERN = NO;
				GCC_WARN_64_TO_32_BIT_CONVERSION = YES;
				GCC_WARN_ABOUT_RETURN_TYPE = YES_ERROR;
				GCC_WARN_UNDECLARED_SELECTOR = YES;
				GCC_WARN_UNINITIALIZED_AUTOS = YES_AGGRESSIVE;
				GCC_WARN_UNUSED_FUNCTION = YES;
				GCC_WARN_UNUSED_VARIABLE = YES;
				IPHONEOS_DEPLOYMENT_TARGET = 8.2;
				MTL_ENABLE_DEBUG_INFO = YES;
				ONLY_ACTIVE_ARCH = YES;
				SDKROOT = iphoneos;
			};
			name = Debug;
		};
		DCFC4DD91AB4833D00CD1A8C /* Release */ = {
			isa = XCBuildConfiguration;
			buildSettings = {
				ALWAYS_SEARCH_USER_PATHS = NO;
				CLANG_CXX_LANGUAGE_STANDARD = "gnu++0x";
				CLANG_CXX_LIBRARY = "libc++";
				CLANG_ENABLE_MODULES = YES;
				CLANG_ENABLE_OBJC_ARC = YES;
				CLANG_WARN_BOOL_CONVERSION = YES;
				CLANG_WARN_CONSTANT_CONVERSION = YES;
				CLANG_WARN_DIRECT_OBJC_ISA_USAGE = YES_ERROR;
				CLANG_WARN_EMPTY_BODY = YES;
				CLANG_WARN_ENUM_CONVERSION = YES;
				CLANG_WARN_INT_CONVERSION = YES;
				CLANG_WARN_OBJC_ROOT_CLASS = YES_ERROR;
				CLANG_WARN_UNREACHABLE_CODE = YES;
				CLANG_WARN__DUPLICATE_METHOD_MATCH = YES;
				COPY_PHASE_STRIP = NO;
				ENABLE_NS_ASSERTIONS = NO;
				ENABLE_STRICT_OBJC_MSGSEND = YES;
				GCC_C_LANGUAGE_STANDARD = gnu99;
				GCC_WARN_64_TO_32_BIT_CONVERSION = YES;
				GCC_WARN_ABOUT_RETURN_TYPE = YES_ERROR;
				GCC_WARN_UNDECLARED_SELECTOR = YES;
				GCC_WARN_UNINITIALIZED_AUTOS = YES_AGGRESSIVE;
				GCC_WARN_UNUSED_FUNCTION = YES;
				GCC_WARN_UNUSED_VARIABLE = YES;
				IPHONEOS_DEPLOYMENT_TARGET = 8.2;
				MTL_ENABLE_DEBUG_INFO = NO;
				SDKROOT = iphoneos;
				VALIDATE_PRODUCT = YES;
			};
			name = Release;
		};
		DCFC4DDB1AB4833D00CD1A8C /* Debug */ = {
			isa = XCBuildConfiguration;
			buildSettings = {
				OTHER_LDFLAGS = "-ObjC";
				PRODUCT_NAME = NgUICollection;
				SKIP_INSTALL = YES;
			};
			name = Debug;
		};
		DCFC4DDC1AB4833D00CD1A8C /* Release */ = {
			isa = XCBuildConfiguration;
			buildSettings = {
				OTHER_LDFLAGS = "-ObjC";
				PRODUCT_NAME = NgUICollection;
				SKIP_INSTALL = YES;
			};
			name = Release;
		};
		DCFC4DDE1AB4833D00CD1A8C /* Debug */ = {
			isa = XCBuildConfiguration;
			buildSettings = {
				FRAMEWORK_SEARCH_PATHS = (
					"$(SDKROOT)/Developer/Library/Frameworks",
					"$(inherited)",
				);
				GCC_PREPROCESSOR_DEFINITIONS = (
					"DEBUG=1",
					"$(inherited)",
				);
				INFOPLIST_FILE = NgUICollectionTests/Info.plist;
				LD_RUNPATH_SEARCH_PATHS = "$(inherited) @executable_path/Frameworks @loader_path/Frameworks";
				PRODUCT_NAME = NgUICollectionTests;
			};
			name = Debug;
		};
		DCFC4DDF1AB4833D00CD1A8C /* Release */ = {
			isa = XCBuildConfiguration;
			buildSettings = {
				FRAMEWORK_SEARCH_PATHS = (
					"$(SDKROOT)/Developer/Library/Frameworks",
					"$(inherited)",
				);
				INFOPLIST_FILE = NgUICollectionTests/Info.plist;
				LD_RUNPATH_SEARCH_PATHS = "$(inherited) @executable_path/Frameworks @loader_path/Frameworks";
				PRODUCT_NAME = NgUICollectionTests;
			};
			name = Release;
		};
/* End XCBuildConfiguration section */

/* Begin XCConfigurationList section */
		DCFC4DC11AB4833D00CD1A8C /* Build configuration list for PBXProject "NgUICollection" */ = {
			isa = XCConfigurationList;
			buildConfigurations = (
				DCFC4DD81AB4833D00CD1A8C /* Debug */,
				DCFC4DD91AB4833D00CD1A8C /* Release */,
			);
			defaultConfigurationIsVisible = 0;
			defaultConfigurationName = Release;
		};
		DCFC4DDA1AB4833D00CD1A8C /* Build configuration list for PBXNativeTarget "NgUICollection" */ = {
			isa = XCConfigurationList;
			buildConfigurations = (
				DCFC4DDB1AB4833D00CD1A8C /* Debug */,
				DCFC4DDC1AB4833D00CD1A8C /* Release */,
			);
			defaultConfigurationIsVisible = 0;
			defaultConfigurationName = Release;
		};
		DCFC4DDD1AB4833D00CD1A8C /* Build configuration list for PBXNativeTarget "NgUICollectionTests" */ = {
			isa = XCConfigurationList;
			buildConfigurations = (
				DCFC4DDE1AB4833D00CD1A8C /* Debug */,
				DCFC4DDF1AB4833D00CD1A8C /* Release */,
			);
			defaultConfigurationIsVisible = 0;
			defaultConfigurationName = Release;
		};
/* End XCConfigurationList section */
	};
	rootObject = DCFC4DBE1AB4833D00CD1A8C /* Project object */;
}
